// !$*UTF8*$!
{
	archiveVersion = 1;
	classes = {
	};
	objectVersion = 46;
	objects = {

/* Begin PBXBuildFile section */
		BD668E191960C27700C149CD /* UIColorRGBExtension.swift in Sources */ = {isa = PBXBuildFile; fileRef = BD668E181960C27700C149CD /* UIColorRGBExtension.swift */; };
		BD8A5716195CDF32007C2F2D /* AppDelegate.swift in Sources */ = {isa = PBXBuildFile; fileRef = BD8A5715195CDF32007C2F2D /* AppDelegate.swift */; };
		BD8A571D195CDF32007C2F2D /* Images.xcassets in Resources */ = {isa = PBXBuildFile; fileRef = BD8A571C195CDF32007C2F2D /* Images.xcassets */; };
		BD8A5729195CDF32007C2F2D /* ACScrollNavigationBarTests.swift in Sources */ = {isa = PBXBuildFile; fileRef = BD8A5728195CDF32007C2F2D /* ACScrollNavigationBarTests.swift */; };
		BDA337F819C9226A00E40DC9 /* UIViewController+ScrollingNavbar.swift in Sources */ = {isa = PBXBuildFile; fileRef = BDA337F719C9226A00E40DC9 /* UIViewController+ScrollingNavbar.swift */; };
		BDA337FA19CA002C00E40DC9 /* SampleTableViewController.swift in Sources */ = {isa = PBXBuildFile; fileRef = BDA337F919CA002C00E40DC9 /* SampleTableViewController.swift */; };
/* End PBXBuildFile section */

/* Begin PBXContainerItemProxy section */
		BD8A5723195CDF32007C2F2D /* PBXContainerItemProxy */ = {
			isa = PBXContainerItemProxy;
			containerPortal = BD8A5708195CDF32007C2F2D /* Project object */;
			proxyType = 1;
			remoteGlobalIDString = BD8A570F195CDF32007C2F2D;
			remoteInfo = ACScrollNavigationBar;
		};
/* End PBXContainerItemProxy section */

/* Begin PBXFileReference section */
		BD668E181960C27700C149CD /* UIColorRGBExtension.swift */ = {isa = PBXFileReference; fileEncoding = 4; lastKnownFileType = sourcecode.swift; path = UIColorRGBExtension.swift; sourceTree = "<group>"; };
		BD8A5710195CDF32007C2F2D /* ACScrollNavigationBarExample.app */ = {isa = PBXFileReference; explicitFileType = wrapper.application; includeInIndex = 0; path = ACScrollNavigationBarExample.app; sourceTree = BUILT_PRODUCTS_DIR; };
		BD8A5714195CDF32007C2F2D /* Info.plist */ = {isa = PBXFileReference; lastKnownFileType = text.plist.xml; path = Info.plist; sourceTree = "<group>"; };
		BD8A5715195CDF32007C2F2D /* AppDelegate.swift */ = {isa = PBXFileReference; lastKnownFileType = sourcecode.swift; path = AppDelegate.swift; sourceTree = "<group>"; };
		BD8A571C195CDF32007C2F2D /* Images.xcassets */ = {isa = PBXFileReference; lastKnownFileType = folder.assetcatalog; path = Images.xcassets; sourceTree = "<group>"; };
		BD8A5722195CDF32007C2F2D /* ACScrollNavigationBarExampleTests.xctest */ = {isa = PBXFileReference; explicitFileType = wrapper.cfbundle; includeInIndex = 0; path = ACScrollNavigationBarExampleTests.xctest; sourceTree = BUILT_PRODUCTS_DIR; };
		BD8A5727195CDF32007C2F2D /* Info.plist */ = {isa = PBXFileReference; lastKnownFileType = text.plist.xml; path = Info.plist; sourceTree = "<group>"; };
		BD8A5728195CDF32007C2F2D /* ACScrollNavigationBarTests.swift */ = {isa = PBXFileReference; lastKnownFileType = sourcecode.swift; path = ACScrollNavigationBarTests.swift; sourceTree = "<group>"; };
		BDA337F719C9226A00E40DC9 /* UIViewController+ScrollingNavbar.swift */ = {isa = PBXFileReference; fileEncoding = 4; lastKnownFileType = sourcecode.swift; path = "UIViewController+ScrollingNavbar.swift"; sourceTree = "<group>"; };
		BDA337F919CA002C00E40DC9 /* SampleTableViewController.swift */ = {isa = PBXFileReference; fileEncoding = 4; lastKnownFileType = sourcecode.swift; path = SampleTableViewController.swift; sourceTree = "<group>"; };
		BDD7B7E919C8B7C100657648 /* README.md */ = {isa = PBXFileReference; lastKnownFileType = net.daringfireball.markdown; name = README.md; path = ../README.md; sourceTree = "<group>"; };
		BDD7B7EA19C8B7CE00657648 /* LICENSE */ = {isa = PBXFileReference; lastKnownFileType = text; name = LICENSE; path = ../LICENSE; sourceTree = "<group>"; };
/* End PBXFileReference section */

/* Begin PBXFrameworksBuildPhase section */
		BD8A570D195CDF32007C2F2D /* Frameworks */ = {
			isa = PBXFrameworksBuildPhase;
			buildActionMask = 2147483647;
			files = (
			);
			runOnlyForDeploymentPostprocessing = 0;
		};
		BD8A571F195CDF32007C2F2D /* Frameworks */ = {
			isa = PBXFrameworksBuildPhase;
			buildActionMask = 2147483647;
			files = (
			);
			runOnlyForDeploymentPostprocessing = 0;
		};
/* End PBXFrameworksBuildPhase section */

/* Begin PBXGroup section */
		BD668E131960C25100C149CD /* ACScrollNavigationBar */ = {
			isa = PBXGroup;
			children = (
				BDA337F719C9226A00E40DC9 /* UIViewController+ScrollingNavbar.swift */,
			);
			name = ACScrollNavigationBar;
			path = ../../../ACScrollNavigationBar;
			sourceTree = "<group>";
		};
		BD8A5707195CDF32007C2F2D = {
			isa = PBXGroup;
			children = (
				BDD7B7E919C8B7C100657648 /* README.md */,
				BDD7B7EA19C8B7CE00657648 /* LICENSE */,
				BD8A5712195CDF32007C2F2D /* ACScrollNavigationBarExample */,
				BD8A5725195CDF32007C2F2D /* ACScrollNavigationBarExampleTests */,
				BD8A5711195CDF32007C2F2D /* Products */,
			);
			sourceTree = "<group>";
		};
		BD8A5711195CDF32007C2F2D /* Products */ = {
			isa = PBXGroup;
			children = (
				BD8A5710195CDF32007C2F2D /* ACScrollNavigationBarExample.app */,
				BD8A5722195CDF32007C2F2D /* ACScrollNavigationBarExampleTests.xctest */,
			);
			name = Products;
			sourceTree = "<group>";
		};
		BD8A5712195CDF32007C2F2D /* ACScrollNavigationBarExample */ = {
			isa = PBXGroup;
			children = (
				BD8A5732195CE037007C2F2D /* source */,
				BD8A5715195CDF32007C2F2D /* AppDelegate.swift */,
				BD8A571C195CDF32007C2F2D /* Images.xcassets */,
				BD8A5713195CDF32007C2F2D /* Supporting Files */,
			);
			name = ACScrollNavigationBarExample;
			path = ACScrollNavigationBar;
			sourceTree = "<group>";
		};
		BD8A5713195CDF32007C2F2D /* Supporting Files */ = {
			isa = PBXGroup;
			children = (
				BD8A5714195CDF32007C2F2D /* Info.plist */,
			);
			name = "Supporting Files";
			sourceTree = "<group>";
		};
		BD8A5725195CDF32007C2F2D /* ACScrollNavigationBarExampleTests */ = {
			isa = PBXGroup;
			children = (
				BD8A5728195CDF32007C2F2D /* ACScrollNavigationBarTests.swift */,
				BD8A5726195CDF32007C2F2D /* Supporting Files */,
			);
			name = ACScrollNavigationBarExampleTests;
			path = ACScrollNavigationBarTests;
			sourceTree = "<group>";
		};
		BD8A5726195CDF32007C2F2D /* Supporting Files */ = {
			isa = PBXGroup;
			children = (
				BD8A5727195CDF32007C2F2D /* Info.plist */,
			);
			name = "Supporting Files";
			sourceTree = "<group>";
		};
		BD8A5732195CE037007C2F2D /* source */ = {
			isa = PBXGroup;
			children = (
				BD668E131960C25100C149CD /* ACScrollNavigationBar */,
				BD668E181960C27700C149CD /* UIColorRGBExtension.swift */,
				BDA337F919CA002C00E40DC9 /* SampleTableViewController.swift */,
			);
			path = source;
			sourceTree = "<group>";
		};
/* End PBXGroup section */

/* Begin PBXNativeTarget section */
		BD8A570F195CDF32007C2F2D /* ACScrollNavigationBarExample */ = {
			isa = PBXNativeTarget;
			buildConfigurationList = BD8A572C195CDF32007C2F2D /* Build configuration list for PBXNativeTarget "ACScrollNavigationBarExample" */;
			buildPhases = (
				BD8A570C195CDF32007C2F2D /* Sources */,
				BD8A570D195CDF32007C2F2D /* Frameworks */,
				BD8A570E195CDF32007C2F2D /* Resources */,
			);
			buildRules = (
			);
			dependencies = (
			);
			name = ACScrollNavigationBarExample;
			productName = ACScrollNavigationBar;
			productReference = BD8A5710195CDF32007C2F2D /* ACScrollNavigationBarExample.app */;
			productType = "com.apple.product-type.application";
		};
		BD8A5721195CDF32007C2F2D /* ACScrollNavigationBarExampleTests */ = {
			isa = PBXNativeTarget;
			buildConfigurationList = BD8A572F195CDF32007C2F2D /* Build configuration list for PBXNativeTarget "ACScrollNavigationBarExampleTests" */;
			buildPhases = (
				BD8A571E195CDF32007C2F2D /* Sources */,
				BD8A571F195CDF32007C2F2D /* Frameworks */,
				BD8A5720195CDF32007C2F2D /* Resources */,
			);
			buildRules = (
			);
			dependencies = (
				BD8A5724195CDF32007C2F2D /* PBXTargetDependency */,
			);
			name = ACScrollNavigationBarExampleTests;
			productName = ACScrollNavigationBarTests;
			productReference = BD8A5722195CDF32007C2F2D /* ACScrollNavigationBarExampleTests.xctest */;
			productType = "com.apple.product-type.bundle.unit-test";
		};
/* End PBXNativeTarget section */

/* Begin PBXProject section */
		BD8A5708195CDF32007C2F2D /* Project object */ = {
			isa = PBXProject;
			attributes = {
				LastUpgradeCheck = 0600;
				ORGANIZATIONNAME = "Alex Corre";
				TargetAttributes = {
					BD8A570F195CDF32007C2F2D = {
						CreatedOnToolsVersion = 6.0;
					};
					BD8A5721195CDF32007C2F2D = {
						CreatedOnToolsVersion = 6.0;
						TestTargetID = BD8A570F195CDF32007C2F2D;
					};
				};
			};
			buildConfigurationList = BD8A570B195CDF32007C2F2D /* Build configuration list for PBXProject "ACScrollNavigationBarExample" */;
			compatibilityVersion = "Xcode 3.2";
			developmentRegion = English;
			hasScannedForEncodings = 0;
			knownRegions = (
				en,
				Base,
			);
			mainGroup = BD8A5707195CDF32007C2F2D;
			productRefGroup = BD8A5711195CDF32007C2F2D /* Products */;
			projectDirPath = "";
			projectRoot = "";
			targets = (
				BD8A570F195CDF32007C2F2D /* ACScrollNavigationBarExample */,
				BD8A5721195CDF32007C2F2D /* ACScrollNavigationBarExampleTests */,
			);
		};
/* End PBXProject section */

/* Begin PBXResourcesBuildPhase section */
		BD8A570E195CDF32007C2F2D /* Resources */ = {
			isa = PBXResourcesBuildPhase;
			buildActionMask = 2147483647;
			files = (
				BD8A571D195CDF32007C2F2D /* Images.xcassets in Resources */,
			);
			runOnlyForDeploymentPostprocessing = 0;
		};
		BD8A5720195CDF32007C2F2D /* Resources */ = {
			isa = PBXResourcesBuildPhase;
			buildActionMask = 2147483647;
			files = (
			);
			runOnlyForDeploymentPostprocessing = 0;
		};
/* End PBXResourcesBuildPhase section */

/* Begin PBXSourcesBuildPhase section */
		BD8A570C195CDF32007C2F2D /* Sources */ = {
			isa = PBXSourcesBuildPhase;
			buildActionMask = 2147483647;
			files = (
				BD668E191960C27700C149CD /* UIColorRGBExtension.swift in Sources */,
				BD8A5716195CDF32007C2F2D /* AppDelegate.swift in Sources */,
				BDA337FA19CA002C00E40DC9 /* SampleTableViewController.swift in Sources */,
				BDA337F819C9226A00E40DC9 /* UIViewController+ScrollingNavbar.swift in Sources */,
			);
			runOnlyForDeploymentPostprocessing = 0;
		};
		BD8A571E195CDF32007C2F2D /* Sources */ = {
			isa = PBXSourcesBuildPhase;
			buildActionMask = 2147483647;
			files = (
				BD8A5729195CDF32007C2F2D /* ACScrollNavigationBarTests.swift in Sources */,
			);
			runOnlyForDeploymentPostprocessing = 0;
		};
/* End PBXSourcesBuildPhase section */

/* Begin PBXTargetDependency section */
		BD8A5724195CDF32007C2F2D /* PBXTargetDependency */ = {
			isa = PBXTargetDependency;
			target = BD8A570F195CDF32007C2F2D /* ACScrollNavigationBarExample */;
			targetProxy = BD8A5723195CDF32007C2F2D /* PBXContainerItemProxy */;
		};
/* End PBXTargetDependency section */

/* Begin XCBuildConfiguration section */
		BD8A572A195CDF32007C2F2D /* Debug */ = {
			isa = XCBuildConfiguration;
			buildSettings = {
				ALWAYS_SEARCH_USER_PATHS = NO;
				CLANG_CXX_LANGUAGE_STANDARD = "gnu++0x";
				CLANG_CXX_LIBRARY = "libc++";
				CLANG_ENABLE_MODULES = YES;
				CLANG_ENABLE_OBJC_ARC = YES;
				CLANG_WARN_BOOL_CONVERSION = YES;
				CLANG_WARN_CONSTANT_CONVERSION = YES;
				CLANG_WARN_DIRECT_OBJC_ISA_USAGE = YES_ERROR;
				CLANG_WARN_EMPTY_BODY = YES;
				CLANG_WARN_ENUM_CONVERSION = YES;
				CLANG_WARN_INT_CONVERSION = YES;
				CLANG_WARN_OBJC_ROOT_CLASS = YES_ERROR;
				CLANG_WARN_UNREACHABLE_CODE = YES;
				CLANG_WARN__DUPLICATE_METHOD_MATCH = YES;
				"CODE_SIGN_IDENTITY[sdk=iphoneos*]" = "iPhone Developer";
				COPY_PHASE_STRIP = NO;
				ENABLE_STRICT_OBJC_MSGSEND = YES;
				GCC_C_LANGUAGE_STANDARD = gnu99;
				GCC_DYNAMIC_NO_PIC = NO;
				GCC_OPTIMIZATION_LEVEL = 0;
				GCC_PREPROCESSOR_DEFINITIONS = (
					"DEBUG=1",
					"$(inherited)",
				);
				GCC_SYMBOLS_PRIVATE_EXTERN = NO;
				GCC_WARN_64_TO_32_BIT_CONVERSION = YES;
				GCC_WARN_ABOUT_RETURN_TYPE = YES_ERROR;
				GCC_WARN_UNDECLARED_SELECTOR = YES;
				GCC_WARN_UNINITIALIZED_AUTOS = YES_AGGRESSIVE;
				GCC_WARN_UNUSED_FUNCTION = YES;
				GCC_WARN_UNUSED_VARIABLE = YES;
				IPHONEOS_DEPLOYMENT_TARGET = 8.0;
				METAL_ENABLE_DEBUG_INFO = YES;
				ONLY_ACTIVE_ARCH = YES;
				SDKROOT = iphoneos;
				SWIFT_OPTIMIZATION_LEVEL = "-Onone";
			};
			name = Debug;
		};
		BD8A572B195CDF32007C2F2D /* Release */ = {
			isa = XCBuildConfiguration;
			buildSettings = {
				ALWAYS_SEARCH_USER_PATHS = NO;
				CLANG_CXX_LANGUAGE_STANDARD = "gnu++0x";
				CLANG_CXX_LIBRARY = "libc++";
				CLANG_ENABLE_MODULES = YES;
				CLANG_ENABLE_OBJC_ARC = YES;
				CLANG_WARN_BOOL_CONVERSION = YES;
				CLANG_WARN_CONSTANT_CONVERSION = YES;
				CLANG_WARN_DIRECT_OBJC_ISA_USAGE = YES_ERROR;
				CLANG_WARN_EMPTY_BODY = YES;
				CLANG_WARN_ENUM_CONVERSION = YES;
				CLANG_WARN_INT_CONVERSION = YES;
				CLANG_WARN_OBJC_ROOT_CLASS = YES_ERROR;
				CLANG_WARN_UNREACHABLE_CODE = YES;
				CLANG_WARN__DUPLICATE_METHOD_MATCH = YES;
				"CODE_SIGN_IDENTITY[sdk=iphoneos*]" = "iPhone Developer";
				COPY_PHASE_STRIP = YES;
				ENABLE_NS_ASSERTIONS = NO;
				ENABLE_STRICT_OBJC_MSGSEND = YES;
				GCC_C_LANGUAGE_STANDARD = gnu99;
				GCC_WARN_64_TO_32_BIT_CONVERSION = YES;
				GCC_WARN_ABOUT_RETURN_TYPE = YES_ERROR;
				GCC_WARN_UNDECLARED_SELECTOR = YES;
				GCC_WARN_UNINITIALIZED_AUTOS = YES_AGGRESSIVE;
				GCC_WARN_UNUSED_FUNCTION = YES;
				GCC_WARN_UNUSED_VARIABLE = YES;
				IPHONEOS_DEPLOYMENT_TARGET = 8.0;
				METAL_ENABLE_DEBUG_INFO = NO;
				SDKROOT = iphoneos;
				VALIDATE_PRODUCT = YES;
			};
			name = Release;
		};
		BD8A572D195CDF32007C2F2D /* Debug */ = {
			isa = XCBuildConfiguration;
			buildSettings = {
				ASSETCATALOG_COMPILER_APPICON_NAME = AppIcon;
				ASSETCATALOG_COMPILER_LAUNCHIMAGE_NAME = LaunchImage;
				INFOPLIST_FILE = ACScrollNavigationBar/Info.plist;
				IPHONEOS_DEPLOYMENT_TARGET = 7.1;
				LD_RUNPATH_SEARCH_PATHS = "$(inherited) @executable_path/Frameworks";
				PRODUCT_NAME = ACScrollNavigationBarExample;
			};
			name = Debug;
		};
		BD8A572E195CDF32007C2F2D /* Release */ = {
			isa = XCBuildConfiguration;
			buildSettings = {
				ASSETCATALOG_COMPILER_APPICON_NAME = AppIcon;
				ASSETCATALOG_COMPILER_LAUNCHIMAGE_NAME = LaunchImage;
				INFOPLIST_FILE = ACScrollNavigationBar/Info.plist;
				IPHONEOS_DEPLOYMENT_TARGET = 7.1;
				LD_RUNPATH_SEARCH_PATHS = "$(inherited) @executable_path/Frameworks";
				PRODUCT_NAME = ACScrollNavigationBarExample;
			};
			name = Release;
		};
		BD8A5730195CDF32007C2F2D /* Debug */ = {
			isa = XCBuildConfiguration;
			buildSettings = {
				BUNDLE_LOADER = "$(BUILT_PRODUCTS_DIR)/ACScrollNavigationBar.app/ACScrollNavigationBar";
				FRAMEWORK_SEARCH_PATHS = (
					"$(SDKROOT)/Developer/Library/Frameworks",
					"$(inherited)",
				);
				GCC_PREPROCESSOR_DEFINITIONS = (
					"DEBUG=1",
					"$(inherited)",
				);
				INFOPLIST_FILE = ACScrollNavigationBarTests/Info.plist;
				LD_RUNPATH_SEARCH_PATHS = "$(inherited) @executable_path/Frameworks @loader_path/Frameworks";
				METAL_ENABLE_DEBUG_INFO = YES;
				PRODUCT_NAME = ACScrollNavigationBarExampleTests;
				TEST_HOST = "$(BUNDLE_LOADER)";
			};
			name = Debug;
		};
		BD8A5731195CDF32007C2F2D /* Release */ = {
			isa = XCBuildConfiguration;
			buildSettings = {
				BUNDLE_LOADER = "$(BUILT_PRODUCTS_DIR)/ACScrollNavigationBar.app/ACScrollNavigationBar";
				FRAMEWORK_SEARCH_PATHS = (
					"$(SDKROOT)/Developer/Library/Frameworks",
					"$(inherited)",
				);
				INFOPLIST_FILE = ACScrollNavigationBarTests/Info.plist;
				LD_RUNPATH_SEARCH_PATHS = "$(inherited) @executable_path/Frameworks @loader_path/Frameworks";
				METAL_ENABLE_DEBUG_INFO = NO;
				PRODUCT_NAME = ACScrollNavigationBarExampleTests;
				TEST_HOST = "$(BUNDLE_LOADER)";
			};
			name = Release;
		};
/* End XCBuildConfiguration section */

/* Begin XCConfigurationList section */
		BD8A570B195CDF32007C2F2D /* Build configuration list for PBXProject "ACScrollNavigationBarExample" */ = {
			isa = XCConfigurationList;
			buildConfigurations = (
				BD8A572A195CDF32007C2F2D /* Debug */,
				BD8A572B195CDF32007C2F2D /* Release */,
			);
			defaultConfigurationIsVisible = 0;
			defaultConfigurationName = Release;
		};
		BD8A572C195CDF32007C2F2D /* Build configuration list for PBXNativeTarget "ACScrollNavigationBarExample" */ = {
			isa = XCConfigurationList;
			buildConfigurations = (
				BD8A572D195CDF32007C2F2D /* Debug */,
				BD8A572E195CDF32007C2F2D /* Release */,
			);
			defaultConfigurationIsVisible = 0;
			defaultConfigurationName = Release;
		};
		BD8A572F195CDF32007C2F2D /* Build configuration list for PBXNativeTarget "ACScrollNavigationBarExampleTests" */ = {
			isa = XCConfigurationList;
			buildConfigurations = (
				BD8A5730195CDF32007C2F2D /* Debug */,
				BD8A5731195CDF32007C2F2D /* Release */,
			);
			defaultConfigurationIsVisible = 0;
			defaultConfigurationName = Release;
		};
/* End XCConfigurationList section */
	};
	rootObject = BD8A5708195CDF32007C2F2D /* Project object */;
}
